
Microsoft Visual Studio Solution File, Format Version 12.00
# Visual Studio Version 17
VisualStudioVersion = 17.9.34607.119
MinimumVisualStudioVersion = 10.0.40219.1
Project("{9A19103F-16F7-4668-BE54-9A1E7A4F7556}") = "desafioCheckList", "desafioCheckList\desafioCheckList.csproj", "{030E7CFD-F25B-4DAD-82AB-6B76BDC33382}"
EndProject
Project("{9A19103F-16F7-4668-BE54-9A1E7A4F7556}") = "desafioCheckList.Core", "desafioCheckList.Core\desafioCheckList.Core.csproj", "{6C08C466-7832-4E5F-AB18-C57A8ABC33F8}"
EndProject
Project("{9A19103F-16F7-4668-BE54-9A1E7A4F7556}") = "desafioCheckList.DAO", "desafioCheckList.DAO\desafioCheckList.DAO.csproj", "{464A7C9E-DD3A-4A79-8CB7-926D4AB56D68}"
EndProject
Project("{FAE04EC0-301F-11D3-BF4B-00C04F79EFBC}") = "desafioCheckList.Services", "desafioCheckList.Services\desafioCheckList.Services.csproj", "{FF2B7AE6-4914-4BA8-A247-0E2DA6FF61D9}"
EndProject
Global
	GlobalSection(SolutionConfigurationPlatforms) = preSolution
		Debug|Any CPU = Debug|Any CPU
		Release|Any CPU = Release|Any CPU
	EndGlobalSection
	GlobalSection(ProjectConfigurationPlatforms) = postSolution
		{030E7CFD-F25B-4DAD-82AB-6B76BDC33382}.Debug|Any CPU.ActiveCfg = Debug|Any CPU
		{030E7CFD-F25B-4DAD-82AB-6B76BDC33382}.Debug|Any CPU.Build.0 = Debug|Any CPU
		{030E7CFD-F25B-4DAD-82AB-6B76BDC33382}.Release|Any CPU.ActiveCfg = Release|Any CPU
		{030E7CFD-F25B-4DAD-82AB-6B76BDC33382}.Release|Any CPU.Build.0 = Release|Any CPU
		{6C08C466-7832-4E5F-AB18-C57A8ABC33F8}.Debug|Any CPU.ActiveCfg = Debug|Any CPU
		{6C08C466-7832-4E5F-AB18-C57A8ABC33F8}.Debug|Any CPU.Build.0 = Debug|Any CPU
		{6C08C466-7832-4E5F-AB18-C57A8ABC33F8}.Release|Any CPU.ActiveCfg = Release|Any CPU
		{6C08C466-7832-4E5F-AB18-C57A8ABC33F8}.Release|Any CPU.Build.0 = Release|Any CPU
		{464A7C9E-DD3A-4A79-8CB7-926D4AB56D68}.Debug|Any CPU.ActiveCfg = Debug|Any CPU
		{464A7C9E-DD3A-4A79-8CB7-926D4AB56D68}.Debug|Any CPU.Build.0 = Debug|Any CPU
		{464A7C9E-DD3A-4A79-8CB7-926D4AB56D68}.Release|Any CPU.ActiveCfg = Release|Any CPU
		{464A7C9E-DD3A-4A79-8CB7-926D4AB56D68}.Release|Any CPU.Build.0 = Release|Any CPU
		{FF2B7AE6-4914-4BA8-A247-0E2DA6FF61D9}.Debug|Any CPU.ActiveCfg = Debug|Any CPU
		{FF2B7AE6-4914-4BA8-A247-0E2DA6FF61D9}.Debug|Any CPU.Build.0 = Debug|Any CPU
		{FF2B7AE6-4914-4BA8-A247-0E2DA6FF61D9}.Release|Any CPU.ActiveCfg = Release|Any CPU
		{FF2B7AE6-4914-4BA8-A247-0E2DA6FF61D9}.Release|Any CPU.Build.0 = Release|Any CPU
	EndGlobalSection
	GlobalSection(SolutionProperties) = preSolution
		HideSolutionNode = FALSE
	EndGlobalSection
	GlobalSection(ExtensibilityGlobals) = postSolution
		SolutionGuid = {BB6F943B-DDA7-402E-AFCC-61A87E101775}
	EndGlobalSection
EndGlobal
